
Microsoft Visual Studio Solution File, Format Version 12.00
# Visual Studio Version 16
VisualStudioVersion = 16.0.31729.503
MinimumVisualStudioVersion = 10.0.40219.1
Project("{9A19103F-16F7-4668-BE54-9A1E7A4F7556}") = "Lista de Peliculas o Series", "Lista de Peliculas o Series\Lista de Peliculas o Series.csproj", "{CDA7FE4B-E469-4052-A931-BFA2C5EC68ED}"
EndProject
Project("{FAE04EC0-301F-11D3-BF4B-00C04F79EFBC}") = "Prueba", "Prueba\Prueba.csproj", "{163F03D1-29D6-46D8-970B-7FCD3ECF77E2}"
EndProject
Project("{FAE04EC0-301F-11D3-BF4B-00C04F79EFBC}") = "kawabonga", "kawabonga\kawabonga.csproj", "{C61C302B-CDAD-41A5-8D18-3E1D78869828}"
EndProject
Global
	GlobalSection(SolutionConfigurationPlatforms) = preSolution
		Debug|Any CPU = Debug|Any CPU
		Release|Any CPU = Release|Any CPU
	EndGlobalSection
	GlobalSection(ProjectConfigurationPlatforms) = postSolution
		{CDA7FE4B-E469-4052-A931-BFA2C5EC68ED}.Debug|Any CPU.ActiveCfg = Debug|Any CPU
		{CDA7FE4B-E469-4052-A931-BFA2C5EC68ED}.Debug|Any CPU.Build.0 = Debug|Any CPU
		{CDA7FE4B-E469-4052-A931-BFA2C5EC68ED}.Release|Any CPU.ActiveCfg = Release|Any CPU
		{CDA7FE4B-E469-4052-A931-BFA2C5EC68ED}.Release|Any CPU.Build.0 = Release|Any CPU
		{163F03D1-29D6-46D8-970B-7FCD3ECF77E2}.Debug|Any CPU.ActiveCfg = Debug|Any CPU
		{163F03D1-29D6-46D8-970B-7FCD3ECF77E2}.Debug|Any CPU.Build.0 = Debug|Any CPU
		{163F03D1-29D6-46D8-970B-7FCD3ECF77E2}.Release|Any CPU.ActiveCfg = Release|Any CPU
		{163F03D1-29D6-46D8-970B-7FCD3ECF77E2}.Release|Any CPU.Build.0 = Release|Any CPU
		{C61C302B-CDAD-41A5-8D18-3E1D78869828}.Debug|Any CPU.ActiveCfg = Debug|Any CPU
		{C61C302B-CDAD-41A5-8D18-3E1D78869828}.Debug|Any CPU.Build.0 = Debug|Any CPU
		{C61C302B-CDAD-41A5-8D18-3E1D78869828}.Release|Any CPU.ActiveCfg = Release|Any CPU
		{C61C302B-CDAD-41A5-8D18-3E1D78869828}.Release|Any CPU.Build.0 = Release|Any CPU
	EndGlobalSection
	GlobalSection(SolutionProperties) = preSolution
		HideSolutionNode = FALSE
	EndGlobalSection
	GlobalSection(ExtensibilityGlobals) = postSolution
		SolutionGuid = {A12C2311-1189-40C8-847F-8E399DA560D6}
	EndGlobalSection
EndGlobal
